Microsoft Visual Studio Solution File, Format Version 11.00
# Visual Studio 2008

Project("{0AB887BB-B836-1995-D7E9-3CB6A90FA0AD}") = "NoArt", "Assembly-CSharp-vs.csproj", "{EC6F32BE-C71B-A653-BB6E-914D59696A8F}"
EndProject
Global
	GlobalSection(SolutionConfigurationPlatforms) = preSolution
		Debug|Any CPU = Debug|Any CPU
		Release|Any CPU = Release|Any CPU
	EndGlobalSection
	GlobalSection(ProjectConfigurationPlatforms) = postSolution
		{EC6F32BE-C71B-A653-BB6E-914D59696A8F}.Debug|Any CPU.ActiveCfg = Debug|Any CPU
		{EC6F32BE-C71B-A653-BB6E-914D59696A8F}.Debug|Any CPU.Build.0 = Debug|Any CPU
		{EC6F32BE-C71B-A653-BB6E-914D59696A8F}.Release|Any CPU.ActiveCfg = Release|Any CPU
		{EC6F32BE-C71B-A653-BB6E-914D59696A8F}.Release|Any CPU.Build.0 = Release|Any CPU
	EndGlobalSection
	GlobalSection(SolutionProperties) = preSolution
		HideSolutionNode = FALSE
	EndGlobalSection
																				GlobalSection(MonoDevelopProperties) = preSolution
		StartupItem = Assembly-CSharp.csproj
		Policies = $0
		$0.TextStylePolicy = $1
		$1.inheritsSet = null
		$1.scope = text/x-csharp
		$0.CSharpFormattingPolicy = $2
		$2.inheritsSet = Mono
		$2.inheritsScope = text/x-csharp
		$2.scope = text/x-csharp
		$0.TextStylePolicy = $3
		$3.FileWidth = 120
		$3.TabWidth = 4
		$3.IndentWidth = 4
		$3.EolMarker = Unix
		$3.inheritsSet = Mono
		$3.inheritsScope = text/plain
		$3.scope = text/plain
	EndGlobalSection

EndGlobal
